
Microsoft Visual Studio Solution File, Format Version 12.00
# Visual Studio Version 17
VisualStudioVersion = 17.8.34330.188
MinimumVisualStudioVersion = 10.0.40219.1
Project("{FAE04EC0-301F-11D3-BF4B-00C04F79EFBC}") = "LibraryManagementSystem", "LibraryManagementSystem\LibraryManagementSystem.csproj", "{510D537B-A302-4B1F-8917-BA9390AA0775}"
EndProject
Global
	GlobalSection(SolutionConfigurationPlatforms) = preSolution
		Debug|Any CPU = Debug|Any CPU
		Release|Any CPU = Release|Any CPU
	EndGlobalSection
	GlobalSection(ProjectConfigurationPlatforms) = postSolution
		{510D537B-A302-4B1F-8917-BA9390AA0775}.Debug|Any CPU.ActiveCfg = Debug|Any CPU
		{510D537B-A302-4B1F-8917-BA9390AA0775}.Debug|Any CPU.Build.0 = Debug|Any CPU
		{510D537B-A302-4B1F-8917-BA9390AA0775}.Release|Any CPU.ActiveCfg = Release|Any CPU
		{510D537B-A302-4B1F-8917-BA9390AA0775}.Release|Any CPU.Build.0 = Release|Any CPU
	EndGlobalSection
	GlobalSection(SolutionProperties) = preSolution
		HideSolutionNode = FALSE
	EndGlobalSection
	GlobalSection(ExtensibilityGlobals) = postSolution
		SolutionGuid = {2BDED45B-DD92-4D0A-8ED4-A8D535584E7B}
	EndGlobalSection
EndGlobal
